
Microsoft Visual Studio Solution File, Format Version 12.00
# Visual Studio Version 17
VisualStudioVersion = 17.10.34928.147
MinimumVisualStudioVersion = 10.0.40219.1
Project("{9A19103F-16F7-4668-BE54-9A1E7A4F7556}") = "PlcEmulator", "PlcEmulator\PlcEmulator.csproj", "{EB1A0971-ECCF-4A26-B2F9-0EA934BD874F}"
EndProject
Project("{9A19103F-16F7-4668-BE54-9A1E7A4F7556}") = "PlcTester", "..\PlcTester\PlcTester\PlcTester.csproj", "{C826748B-5325-483C-8CBC-8F6C1A250E25}"
EndProject
Global
	GlobalSection(SolutionConfigurationPlatforms) = preSolution
		Debug|Any CPU = Debug|Any CPU
		Release|Any CPU = Release|Any CPU
	EndGlobalSection
	GlobalSection(ProjectConfigurationPlatforms) = postSolution
		{EB1A0971-ECCF-4A26-B2F9-0EA934BD874F}.Debug|Any CPU.ActiveCfg = Debug|Any CPU
		{EB1A0971-ECCF-4A26-B2F9-0EA934BD874F}.Debug|Any CPU.Build.0 = Debug|Any CPU
		{EB1A0971-ECCF-4A26-B2F9-0EA934BD874F}.Release|Any CPU.ActiveCfg = Release|Any CPU
		{EB1A0971-ECCF-4A26-B2F9-0EA934BD874F}.Release|Any CPU.Build.0 = Release|Any CPU
		{C826748B-5325-483C-8CBC-8F6C1A250E25}.Debug|Any CPU.ActiveCfg = Debug|Any CPU
		{C826748B-5325-483C-8CBC-8F6C1A250E25}.Debug|Any CPU.Build.0 = Debug|Any CPU
		{C826748B-5325-483C-8CBC-8F6C1A250E25}.Release|Any CPU.ActiveCfg = Release|Any CPU
		{C826748B-5325-483C-8CBC-8F6C1A250E25}.Release|Any CPU.Build.0 = Release|Any CPU
	EndGlobalSection
	GlobalSection(SolutionProperties) = preSolution
		HideSolutionNode = FALSE
	EndGlobalSection
	GlobalSection(ExtensibilityGlobals) = postSolution
		SolutionGuid = {E50D8592-6B10-4753-8623-452C7EE96E7F}
	EndGlobalSection
EndGlobal
